
Microsoft Visual Studio Solution File, Format Version 12.00
# Visual Studio Version 17
VisualStudioVersion = 17.8.34330.188
MinimumVisualStudioVersion = 10.0.40219.1
Project("{FAE04EC0-301F-11D3-BF4B-00C04F79EFBC}") = "WebApiBooks", "WebApiBooks\WebApiBooks.csproj", "{6C8E72FB-3970-49D3-AF9B-CFB01C475A7E}"
EndProject
Project("{FAE04EC0-301F-11D3-BF4B-00C04F79EFBC}") = "WebApiBooks.Application", "WebApiBooks.Application\WebApiBooks.Application.csproj", "{D16C355D-37BC-4034-BEC9-BC6E6FCC5856}"
EndProject
Project("{FAE04EC0-301F-11D3-BF4B-00C04F79EFBC}") = "WebApiBooks.Repository", "WebApiBooks.Repository\WebApiBooks.Repository.csproj", "{14271A3C-E629-44CF-B839-C3513E1998E7}"
EndProject
Global
	GlobalSection(SolutionConfigurationPlatforms) = preSolution
		Debug|Any CPU = Debug|Any CPU
		Release|Any CPU = Release|Any CPU
	EndGlobalSection
	GlobalSection(ProjectConfigurationPlatforms) = postSolution
		{6C8E72FB-3970-49D3-AF9B-CFB01C475A7E}.Debug|Any CPU.ActiveCfg = Debug|Any CPU
		{6C8E72FB-3970-49D3-AF9B-CFB01C475A7E}.Debug|Any CPU.Build.0 = Debug|Any CPU
		{6C8E72FB-3970-49D3-AF9B-CFB01C475A7E}.Release|Any CPU.ActiveCfg = Release|Any CPU
		{6C8E72FB-3970-49D3-AF9B-CFB01C475A7E}.Release|Any CPU.Build.0 = Release|Any CPU
		{D16C355D-37BC-4034-BEC9-BC6E6FCC5856}.Debug|Any CPU.ActiveCfg = Debug|Any CPU
		{D16C355D-37BC-4034-BEC9-BC6E6FCC5856}.Debug|Any CPU.Build.0 = Debug|Any CPU
		{D16C355D-37BC-4034-BEC9-BC6E6FCC5856}.Release|Any CPU.ActiveCfg = Release|Any CPU
		{D16C355D-37BC-4034-BEC9-BC6E6FCC5856}.Release|Any CPU.Build.0 = Release|Any CPU
		{14271A3C-E629-44CF-B839-C3513E1998E7}.Debug|Any CPU.ActiveCfg = Debug|Any CPU
		{14271A3C-E629-44CF-B839-C3513E1998E7}.Debug|Any CPU.Build.0 = Debug|Any CPU
		{14271A3C-E629-44CF-B839-C3513E1998E7}.Release|Any CPU.ActiveCfg = Release|Any CPU
		{14271A3C-E629-44CF-B839-C3513E1998E7}.Release|Any CPU.Build.0 = Release|Any CPU
	EndGlobalSection
	GlobalSection(SolutionProperties) = preSolution
		HideSolutionNode = FALSE
	EndGlobalSection
	GlobalSection(ExtensibilityGlobals) = postSolution
		SolutionGuid = {B602EC10-5E0B-440F-85BA-531BDFE448F6}
	EndGlobalSection
EndGlobal
